<?xml version="1.0" encoding="utf-8"?>
<Project ToolsVersion="4.0" xmlns="http://schemas.microsoft.com/developer/msbuild/2003">
  <ItemGroup>
    <Filter Include="Исходные файлы">
      <UniqueIdentifier>{4FC737F1-C7A5-4376-A066-2A32D752A2FF}</UniqueIdentifier>
      <Extensions>cpp;c;cc;cxx;c++;cppm;ixx;def;odl;idl;hpj;bat;asm;asmx</Extensions>
    </Filter>
    <Filter Include="Файлы заголовков">
      <UniqueIdentifier>{93995380-89BD-4b04-88EB-625FBE52EBFB}</UniqueIdentifier>
      <Extensions>h;hh;hpp;hxx;h++;hm;inl;inc;ipp;xsd</Extensions>
    </Filter>
    <Filter Include="Файлы ресурсов">
      <UniqueIdentifier>{67DA6AB6-F800-4c08-8B7A-83BB121AAD01}</UniqueIdentifier>
      <Extensions>rc;ico;cur;bmp;dlg;rc2;rct;bin;rgs;gif;jpg;jpeg;jpe;resx;tiff;tif;png;wav;mfcribbon-ms</Extensions>
    </Filter>
    <Filter Include="Файлы заголовков\Shapes">
      <UniqueIdentifier>{1192c4d3-9f49-43c6-bdb0-93b2f157c390}</UniqueIdentifier>
    </Filter>
    <Filter Include="Файлы заголовков\Utilities">
      <UniqueIdentifier>{e96aa12d-4b9f-44e6-8957-fc2e06a03bc9}</UniqueIdentifier>
    </Filter>
    <Filter Include="Файлы ресурсов\Utilities">
      <UniqueIdentifier>{d1597582-bb73-4fe2-a0e1-d9a2fa1a2b4c}</UniqueIdentifier>
    </Filter>
    <Filter Include="Файлы ресурсов\Shapes">
      <UniqueIdentifier>{452f6fe5-e52a-434f-970a-7fa3d1d8550f}</UniqueIdentifier>
    </Filter>
    <Filter Include="Файлы ресурсов\OpenGL">
      <UniqueIdentifier>{a7da5488-259b-4a99-9fce-d2eedf0bb838}</UniqueIdentifier>
    </Filter>
    <Filter Include="Файлы заголовков\OpenGL">
      <UniqueIdentifier>{38897e4c-80cf-44d8-b7fd-f91d5eac8e27}</UniqueIdentifier>
    </Filter>
  </ItemGroup>
  <ItemGroup>
    <ClCompile Include="Main.cpp">
      <Filter>Файлы ресурсов</Filter>
    </ClCompile>
    <ClCompile Include="..\..\GettingStartOpenGL\GettingStartOpenGL\glad.c">
      <Filter>Файлы ресурсов</Filter>
    </ClCompile>
    <ClCompile Include="UtilityFunctions.cpp">
      <Filter>Файлы ресурсов\Utilities</Filter>
    </ClCompile>
    <ClCompile Include="VertexArrayObject.cpp">
      <Filter>Файлы ресурсов\OpenGL</Filter>
    </ClCompile>
    <ClCompile Include="VertexBufferObject.cpp">
      <Filter>Файлы ресурсов\OpenGL</Filter>
    </ClCompile>
    <ClCompile Include="Rectangle.cpp">
      <Filter>Файлы ресурсов\Shapes</Filter>
    </ClCompile>
    <ClCompile Include="Triangle.cpp">
      <Filter>Файлы ресурсов\Shapes</Filter>
    </ClCompile>
    <ClCompile Include="Shape.cpp">
      <Filter>Файлы ресурсов\Shapes</Filter>
    </ClCompile>
    <ClCompile Include="Shader.cpp">
      <Filter>Файлы ресурсов\OpenGL</Filter>
    </ClCompile>
    <ClCompile Include="ElemetBufferObject.cpp">
      <Filter>Файлы ресурсов\OpenGL</Filter>
    </ClCompile>
    <ClCompile Include="CreateFunctions.cpp">
      <Filter>Файлы ресурсов\Utilities</Filter>
    </ClCompile>
    <ClCompile Include="Circle.cpp">
      <Filter>Файлы ресурсов\Shapes</Filter>
    </ClCompile>
  </ItemGroup>
  <ItemGroup>
    <ClInclude Include="Circle.h">
      <Filter>Файлы заголовков\Shapes</Filter>
    </ClInclude>
    <ClInclude Include="Shape.h">
      <Filter>Файлы заголовков\Shapes</Filter>
    </ClInclude>
    <ClInclude Include="Rectangle.h">
      <Filter>Файлы заголовков\Shapes</Filter>
    </ClInclude>
    <ClInclude Include="Triangle.h">
      <Filter>Файлы заголовков\Shapes</Filter>
    </ClInclude>
    <ClInclude Include="VertexBufferObject.h">
      <Filter>Файлы заголовков\Shapes</Filter>
    </ClInclude>
    <ClInclude Include="VertexArrayObject.h">
      <Filter>Файлы заголовков\Shapes</Filter>
    </ClInclude>
    <ClInclude Include="Shader.h">
      <Filter>Файлы заголовков\Shapes</Filter>
    </ClInclude>
    <ClInclude Include="PathShaders.h">
      <Filter>Файлы заголовков\Shapes</Filter>
    </ClInclude>
    <ClInclude Include="ElemetBufferObject.h">
      <Filter>Файлы заголовков\Shapes</Filter>
    </ClInclude>
    <ClInclude Include="UtilityFunctions.h">
      <Filter>Файлы заголовков\Utilities</Filter>
    </ClInclude>
    <ClInclude Include="CreateFunctions.h">
      <Filter>Файлы заголовков\Utilities</Filter>
    </ClInclude>
    <ClInclude Include="Defs.h">
      <Filter>Файлы заголовков\Utilities</Filter>
    </ClInclude>
  </ItemGroup>
</Project>